
Microsoft Visual Studio Solution File, Format Version 12.00
# Visual Studio 15
VisualStudioVersion = 15.0.27428.2037
MinimumVisualStudioVersion = 10.0.40219.1
Project("{FAE04EC0-301F-11D3-BF4B-00C04F79EFBC}") = "FizzBuzz", "FizzBuzz\FizzBuzz.csproj", "{10BEBB15-31C4-4DD4-B8DA-CF7DF911A8C8}"
EndProject
Project("{FAE04EC0-301F-11D3-BF4B-00C04F79EFBC}") = "UnitTestFizzBuzz", "UnitTestFizzBuzz\UnitTestFizzBuzz.csproj", "{B14BB858-F73C-4B31-AEF0-E1EE87F35ED5}"
EndProject
Global
	GlobalSection(SolutionConfigurationPlatforms) = preSolution
		Debug|Any CPU = Debug|Any CPU
		Release|Any CPU = Release|Any CPU
	EndGlobalSection
	GlobalSection(ProjectConfigurationPlatforms) = postSolution
		{10BEBB15-31C4-4DD4-B8DA-CF7DF911A8C8}.Debug|Any CPU.ActiveCfg = Debug|Any CPU
		{10BEBB15-31C4-4DD4-B8DA-CF7DF911A8C8}.Debug|Any CPU.Build.0 = Debug|Any CPU
		{10BEBB15-31C4-4DD4-B8DA-CF7DF911A8C8}.Release|Any CPU.ActiveCfg = Release|Any CPU
		{10BEBB15-31C4-4DD4-B8DA-CF7DF911A8C8}.Release|Any CPU.Build.0 = Release|Any CPU
		{B14BB858-F73C-4B31-AEF0-E1EE87F35ED5}.Debug|Any CPU.ActiveCfg = Debug|Any CPU
		{B14BB858-F73C-4B31-AEF0-E1EE87F35ED5}.Debug|Any CPU.Build.0 = Debug|Any CPU
		{B14BB858-F73C-4B31-AEF0-E1EE87F35ED5}.Release|Any CPU.ActiveCfg = Release|Any CPU
		{B14BB858-F73C-4B31-AEF0-E1EE87F35ED5}.Release|Any CPU.Build.0 = Release|Any CPU
	EndGlobalSection
	GlobalSection(SolutionProperties) = preSolution
		HideSolutionNode = FALSE
	EndGlobalSection
	GlobalSection(ExtensibilityGlobals) = postSolution
		SolutionGuid = {FB5A0982-CA5A-496D-BCC6-9A835C4D273E}
	EndGlobalSection
EndGlobal
